hash: 8d2e57c08dcc8632c469f7fa244d93b2d14fd338663d3207ac549c223fb20915
updated: 2017-08-31T21:21:52.339593525+08:00
imports:
- name: github.com/mattn/go-runewidth
  version: 97311d9f7767e3d6f422ea06661bc2c7a19e8a5d
- name: github.com/nsf/termbox-go
  version: 4ed959e0540971545eddb8c75514973d670cf739
testImports: []
